
Microsoft Visual Studio Solution File, Format Version 12.00
# Visual Studio 14
VisualStudioVersion = 14.0.24720.0
MinimumVisualStudioVersion = 10.0.40219.1
Project("{FAE04EC0-301F-11D3-BF4B-00C04F79EFBC}") = "SportsStore.Domain", "SportsStore.Domain\SportsStore.Domain.csproj", "{9411E415-0892-4CAB-A560-1385AE2E935E}"
EndProject
Project("{FAE04EC0-301F-11D3-BF4B-00C04F79EFBC}") = "SportsStore.WebUI", "SportsStore.WebUI\SportsStore.WebUI.csproj", "{9A9DD899-B578-4B29-B691-485CA7507A61}"
EndProject
Project("{FAE04EC0-301F-11D3-BF4B-00C04F79EFBC}") = "SportsStore.UnitTests", "SportsStore.UnitTests\SportsStore.UnitTests.csproj", "{B4EBC83E-BE81-4AE7-BF50-CF9B5FE0267F}"
EndProject
Global
	GlobalSection(SolutionConfigurationPlatforms) = preSolution
		Debug|Any CPU = Debug|Any CPU
		Release|Any CPU = Release|Any CPU
	EndGlobalSection
	GlobalSection(ProjectConfigurationPlatforms) = postSolution
		{9411E415-0892-4CAB-A560-1385AE2E935E}.Debug|Any CPU.ActiveCfg = Debug|Any CPU
		{9411E415-0892-4CAB-A560-1385AE2E935E}.Debug|Any CPU.Build.0 = Debug|Any CPU
		{9411E415-0892-4CAB-A560-1385AE2E935E}.Release|Any CPU.ActiveCfg = Release|Any CPU
		{9411E415-0892-4CAB-A560-1385AE2E935E}.Release|Any CPU.Build.0 = Release|Any CPU
		{9A9DD899-B578-4B29-B691-485CA7507A61}.Debug|Any CPU.ActiveCfg = Debug|Any CPU
		{9A9DD899-B578-4B29-B691-485CA7507A61}.Debug|Any CPU.Build.0 = Debug|Any CPU
		{9A9DD899-B578-4B29-B691-485CA7507A61}.Release|Any CPU.ActiveCfg = Release|Any CPU
		{9A9DD899-B578-4B29-B691-485CA7507A61}.Release|Any CPU.Build.0 = Release|Any CPU
		{B4EBC83E-BE81-4AE7-BF50-CF9B5FE0267F}.Debug|Any CPU.ActiveCfg = Debug|Any CPU
		{B4EBC83E-BE81-4AE7-BF50-CF9B5FE0267F}.Debug|Any CPU.Build.0 = Debug|Any CPU
		{B4EBC83E-BE81-4AE7-BF50-CF9B5FE0267F}.Release|Any CPU.ActiveCfg = Release|Any CPU
		{B4EBC83E-BE81-4AE7-BF50-CF9B5FE0267F}.Release|Any CPU.Build.0 = Release|Any CPU
	EndGlobalSection
	GlobalSection(SolutionProperties) = preSolution
		HideSolutionNode = FALSE
	EndGlobalSection
EndGlobal
